
Microsoft Visual Studio Solution File, Format Version 12.00
# Visual Studio Version 16
VisualStudioVersion = 16.0.31321.278
MinimumVisualStudioVersion = 10.0.40219.1
Project("{FAE04EC0-301F-11D3-BF4B-00C04F79EFBC}") = "WpfCloud", "WpfCloud\WpfCloud.csproj", "{7384D7EE-0E2E-42A0-9201-D8CB70461C5D}"
EndProject
Project("{FAE04EC0-301F-11D3-BF4B-00C04F79EFBC}") = "CloudHelix", "CloudHelix\CloudHelix.csproj", "{56FBCF4F-9EEE-439D-905F-745E1FB66DFA}"
EndProject
Project("{FAE04EC0-301F-11D3-BF4B-00C04F79EFBC}") = "RapidWPF", "RapidWPF\RapidWPF.csproj", "{3186ECCE-3DB8-441E-9EE6-4BAC5623A6E7}"
EndProject
Global
	GlobalSection(SolutionConfigurationPlatforms) = preSolution
		Debug|Any CPU = Debug|Any CPU
		Release|Any CPU = Release|Any CPU
	EndGlobalSection
	GlobalSection(ProjectConfigurationPlatforms) = postSolution
		{7384D7EE-0E2E-42A0-9201-D8CB70461C5D}.Debug|Any CPU.ActiveCfg = Debug|Any CPU
		{7384D7EE-0E2E-42A0-9201-D8CB70461C5D}.Debug|Any CPU.Build.0 = Debug|Any CPU
		{7384D7EE-0E2E-42A0-9201-D8CB70461C5D}.Release|Any CPU.ActiveCfg = Release|Any CPU
		{7384D7EE-0E2E-42A0-9201-D8CB70461C5D}.Release|Any CPU.Build.0 = Release|Any CPU
		{56FBCF4F-9EEE-439D-905F-745E1FB66DFA}.Debug|Any CPU.ActiveCfg = Debug|Any CPU
		{56FBCF4F-9EEE-439D-905F-745E1FB66DFA}.Debug|Any CPU.Build.0 = Debug|Any CPU
		{56FBCF4F-9EEE-439D-905F-745E1FB66DFA}.Release|Any CPU.ActiveCfg = Release|Any CPU
		{56FBCF4F-9EEE-439D-905F-745E1FB66DFA}.Release|Any CPU.Build.0 = Release|Any CPU
		{3186ECCE-3DB8-441E-9EE6-4BAC5623A6E7}.Debug|Any CPU.ActiveCfg = Debug|Any CPU
		{3186ECCE-3DB8-441E-9EE6-4BAC5623A6E7}.Debug|Any CPU.Build.0 = Debug|Any CPU
		{3186ECCE-3DB8-441E-9EE6-4BAC5623A6E7}.Release|Any CPU.ActiveCfg = Release|Any CPU
		{3186ECCE-3DB8-441E-9EE6-4BAC5623A6E7}.Release|Any CPU.Build.0 = Release|Any CPU
	EndGlobalSection
	GlobalSection(SolutionProperties) = preSolution
		HideSolutionNode = FALSE
	EndGlobalSection
	GlobalSection(ExtensibilityGlobals) = postSolution
		SolutionGuid = {61F1935E-4BC0-458A-AF85-1B13F8D30E49}
	EndGlobalSection
EndGlobal
